
Microsoft Visual Studio Solution File, Format Version 12.00
# Visual Studio Version 16
VisualStudioVersion = 25.0.1703.3
MinimumVisualStudioVersion = 10.0.40219.1
Project("{FAE04EC0-301F-11D3-BF4B-00C04F79EFBC}") = "IdentityDemo", "IdentityDemo\IdentityDemo.csproj", "{30A27F9A-5871-4A38-AAE6-E30E1BB3EDD2}"
EndProject
Global
	GlobalSection(SolutionConfigurationPlatforms) = preSolution
		Debug|Any CPU = Debug|Any CPU
		Release|Any CPU = Release|Any CPU
	EndGlobalSection
	GlobalSection(ProjectConfigurationPlatforms) = postSolution
		{30A27F9A-5871-4A38-AAE6-E30E1BB3EDD2}.Debug|Any CPU.ActiveCfg = Debug|Any CPU
		{30A27F9A-5871-4A38-AAE6-E30E1BB3EDD2}.Debug|Any CPU.Build.0 = Debug|Any CPU
		{30A27F9A-5871-4A38-AAE6-E30E1BB3EDD2}.Release|Any CPU.ActiveCfg = Release|Any CPU
		{30A27F9A-5871-4A38-AAE6-E30E1BB3EDD2}.Release|Any CPU.Build.0 = Release|Any CPU
	EndGlobalSection
	GlobalSection(SolutionProperties) = preSolution
		HideSolutionNode = FALSE
	EndGlobalSection
	GlobalSection(ExtensibilityGlobals) = postSolution
		SolutionGuid = {D93A046E-57D6-4E01-AB5A-56F3E7DC1B48}
	EndGlobalSection
EndGlobal
